
Microsoft Visual Studio Solution File, Format Version 12.00
# Visual Studio Version 17
VisualStudioVersion = 17.3.32929.385
MinimumVisualStudioVersion = 10.0.40219.1
Project("{FAE04EC0-301F-11D3-BF4B-00C04F79EFBC}") = "muzychko_lesson2", "muzychko_lesson2\muzychko_lesson2.csproj", "{2D383E90-43D0-4B1C-9858-5B653A7D534F}"
EndProject
Global
	GlobalSection(SolutionConfigurationPlatforms) = preSolution
		Debug|Any CPU = Debug|Any CPU
		Release|Any CPU = Release|Any CPU
	EndGlobalSection
	GlobalSection(ProjectConfigurationPlatforms) = postSolution
		{2D383E90-43D0-4B1C-9858-5B653A7D534F}.Debug|Any CPU.ActiveCfg = Debug|Any CPU
		{2D383E90-43D0-4B1C-9858-5B653A7D534F}.Debug|Any CPU.Build.0 = Debug|Any CPU
		{2D383E90-43D0-4B1C-9858-5B653A7D534F}.Release|Any CPU.ActiveCfg = Release|Any CPU
		{2D383E90-43D0-4B1C-9858-5B653A7D534F}.Release|Any CPU.Build.0 = Release|Any CPU
	EndGlobalSection
	GlobalSection(SolutionProperties) = preSolution
		HideSolutionNode = FALSE
	EndGlobalSection
	GlobalSection(ExtensibilityGlobals) = postSolution
		SolutionGuid = {75EF5BC5-9719-43D9-9F62-261187F7411F}
	EndGlobalSection
EndGlobal
